// !$*UTF8*$!
{
	archiveVersion = 1;
	classes = {
	};
	objectVersion = 55;
	objects = {

/* Begin PBXBuildFile section */
		7009F4BB28CCEEAD004F2C7A /* BookingDetailsVC.swift in Sources */ = {isa = PBXBuildFile; fileRef = 7009F4BA28CCEEAD004F2C7A /* BookingDetailsVC.swift */; };
		7009F4BE28CD0E1C004F2C7A /* PaymentTableViewCell.swift in Sources */ = {isa = PBXBuildFile; fileRef = 7009F4BD28CD0E1B004F2C7A /* PaymentTableViewCell.swift */; };
		7009F4C028CD16B2004F2C7A /* UINavigationController + Pop.swift in Sources */ = {isa = PBXBuildFile; fileRef = 7009F4BF28CD16B2004F2C7A /* UINavigationController + Pop.swift */; };
		7009F4C228CD16ED004F2C7A /* UINavigationController + Style.swift in Sources */ = {isa = PBXBuildFile; fileRef = 7009F4C128CD16ED004F2C7A /* UINavigationController + Style.swift */; };
		7026DF8428CCC17900AF4D96 /* Hanimation_Arabic_Bold.otf in Resources */ = {isa = PBXBuildFile; fileRef = 7026DF8328CCC17900AF4D96 /* Hanimation_Arabic_Bold.otf */; };
		7026DF8628CCC19700AF4D96 /* Hanimation_Arabic_Medium.otf in Resources */ = {isa = PBXBuildFile; fileRef = 7026DF8528CCC19700AF4D96 /* Hanimation_Arabic_Medium.otf */; };
		7026DF8828CCC1B000AF4D96 /* Hanimation_Arabic_SemiBold.otf in Resources */ = {isa = PBXBuildFile; fileRef = 7026DF8728CCC1B000AF4D96 /* Hanimation_Arabic_SemiBold.otf */; };
		7047A76528CD1A93003DB518 /* PartenerCellViewModel.swift in Sources */ = {isa = PBXBuildFile; fileRef = 7047A76428CD1A93003DB518 /* PartenerCellViewModel.swift */; };
		7047A76828CD1DAB003DB518 /* PrimaryNavigationController.swift in Sources */ = {isa = PBXBuildFile; fileRef = 7047A76728CD1DAB003DB518 /* PrimaryNavigationController.swift */; };
		7061A20428CC0598000BC5B9 /* HomeVC.swift in Sources */ = {isa = PBXBuildFile; fileRef = 7061A20328CC0598000BC5B9 /* HomeVC.swift */; };
		7061A20628CC0786000BC5B9 /* HomeViewModel.swift in Sources */ = {isa = PBXBuildFile; fileRef = 7061A20528CC0786000BC5B9 /* HomeViewModel.swift */; };
		7061A20828CC088B000BC5B9 /* PartenerTableViewCell.swift in Sources */ = {isa = PBXBuildFile; fileRef = 7061A20728CC088B000BC5B9 /* PartenerTableViewCell.swift */; };
		709C2AAA28CC0F540028C1B8 /* VechileCollectionViewCell.swift in Sources */ = {isa = PBXBuildFile; fileRef = 709C2AA928CC0F540028C1B8 /* VechileCollectionViewCell.swift */; };
		709DC50728CDF3780091B1DC /* BookingDetailsViewModel.swift in Sources */ = {isa = PBXBuildFile; fileRef = 709DC50628CDF3770091B1DC /* BookingDetailsViewModel.swift */; };
		709DC50A28CDFC730091B1DC /* PaymentModel.swift in Sources */ = {isa = PBXBuildFile; fileRef = 709DC50928CDFC730091B1DC /* PaymentModel.swift */; };
		70A4928828CDCB88002A325A /* LandingPageViewModel.swift in Sources */ = {isa = PBXBuildFile; fileRef = 70A4928728CDCB88002A325A /* LandingPageViewModel.swift */; };
		70A4928A28CDD3E4002A325A /* LandingPageVC.swift in Sources */ = {isa = PBXBuildFile; fileRef = 70A4928928CDD3E4002A325A /* LandingPageVC.swift */; };
		70A4928D28CDD45B002A325A /* LanguageManager.swift in Sources */ = {isa = PBXBuildFile; fileRef = 70A4928C28CDD45B002A325A /* LanguageManager.swift */; };
		70BD6BD628CCABB100FAC942 /* BookingDetails.storyboard in Resources */ = {isa = PBXBuildFile; fileRef = 70BD6BD528CCABB100FAC942 /* BookingDetails.storyboard */; };
		70C405A628CBDCBA00544FE8 /* AppDelegate.swift in Sources */ = {isa = PBXBuildFile; fileRef = 70C405A528CBDCBA00544FE8 /* AppDelegate.swift */; };
		70C405AA28CBDCBA00544FE8 /* ViewController.swift in Sources */ = {isa = PBXBuildFile; fileRef = 70C405A928CBDCBA00544FE8 /* ViewController.swift */; };
		70C405AD28CBDCBA00544FE8 /* Main.storyboard in Resources */ = {isa = PBXBuildFile; fileRef = 70C405AB28CBDCBA00544FE8 /* Main.storyboard */; };
		70C405AF28CBDCBD00544FE8 /* Assets.xcassets in Resources */ = {isa = PBXBuildFile; fileRef = 70C405AE28CBDCBD00544FE8 /* Assets.xcassets */; };
		70C405B228CBDCBD00544FE8 /* LaunchScreen.storyboard in Resources */ = {isa = PBXBuildFile; fileRef = 70C405B028CBDCBD00544FE8 /* LaunchScreen.storyboard */; };
		70C405BD28CBDCBE00544FE8 /* Telgani_TestTests.swift in Sources */ = {isa = PBXBuildFile; fileRef = 70C405BC28CBDCBE00544FE8 /* Telgani_TestTests.swift */; };
		70C405C728CBDCBE00544FE8 /* Telgani_TestUITests.swift in Sources */ = {isa = PBXBuildFile; fileRef = 70C405C628CBDCBE00544FE8 /* Telgani_TestUITests.swift */; };
		70C405C928CBDCBE00544FE8 /* Telgani_TestUITestsLaunchTests.swift in Sources */ = {isa = PBXBuildFile; fileRef = 70C405C828CBDCBE00544FE8 /* Telgani_TestUITestsLaunchTests.swift */; };
		70C405DD28CBDD3200544FE8 /* Home.storyboard in Resources */ = {isa = PBXBuildFile; fileRef = 70C405DC28CBDD3200544FE8 /* Home.storyboard */; };
		70C405E428CBDE7D00544FE8 /* LandingPage.storyboard in Resources */ = {isa = PBXBuildFile; fileRef = 70C405E328CBDE7D00544FE8 /* LandingPage.storyboard */; };
		70C405EA28CBE04200544FE8 /* PrimaryButton.swift in Sources */ = {isa = PBXBuildFile; fileRef = 70C405E928CBE04200544FE8 /* PrimaryButton.swift */; };
		70C405ED28CBE0B600544FE8 /* UIColor + Theem Colors.swift in Sources */ = {isa = PBXBuildFile; fileRef = 70C405EC28CBE0B600544FE8 /* UIColor + Theem Colors.swift */; };
		70C405F028CBE21700544FE8 /* hanimation-regular.ttf in Resources */ = {isa = PBXBuildFile; fileRef = 70C405EF28CBE21700544FE8 /* hanimation-regular.ttf */; };
		70C405F228CBE28800544FE8 /* UIFont + HanimationFont.swift in Sources */ = {isa = PBXBuildFile; fileRef = 70C405F128CBE28800544FE8 /* UIFont + HanimationFont.swift */; };
		70C405F528CBE2B800544FE8 /* Constants.swift in Sources */ = {isa = PBXBuildFile; fileRef = 70C405F428CBE2B800544FE8 /* Constants.swift */; };
		70C405F728CBE7B300544FE8 /* UIView + Shadow.swift in Sources */ = {isa = PBXBuildFile; fileRef = 70C405F628CBE7B300544FE8 /* UIView + Shadow.swift */; };
		70C405F928CBE86F00544FE8 /* UIView + Borders.swift in Sources */ = {isa = PBXBuildFile; fileRef = 70C405F828CBE86F00544FE8 /* UIView + Borders.swift */; };
		70C405FB28CBE99B00544FE8 /* UISearchBar.swift in Sources */ = {isa = PBXBuildFile; fileRef = 70C405FA28CBE99B00544FE8 /* UISearchBar.swift */; };
		70C4060E28CBF4B600544FE8 /* Poppins-ExtraLight.ttf in Resources */ = {isa = PBXBuildFile; fileRef = 70C405FC28CBF4B400544FE8 /* Poppins-ExtraLight.ttf */; };
		70C4060F28CBF4B600544FE8 /* Poppins-ExtraBold.ttf in Resources */ = {isa = PBXBuildFile; fileRef = 70C405FD28CBF4B400544FE8 /* Poppins-ExtraBold.ttf */; };
		70C4061028CBF4B600544FE8 /* Poppins-Italic.ttf in Resources */ = {isa = PBXBuildFile; fileRef = 70C405FE28CBF4B400544FE8 /* Poppins-Italic.ttf */; };
		70C4061128CBF4B600544FE8 /* Poppins-LightItalic.ttf in Resources */ = {isa = PBXBuildFile; fileRef = 70C405FF28CBF4B400544FE8 /* Poppins-LightItalic.ttf */; };
		70C4061228CBF4B600544FE8 /* Poppins-Medium.ttf in Resources */ = {isa = PBXBuildFile; fileRef = 70C4060028CBF4B400544FE8 /* Poppins-Medium.ttf */; };
		70C4061328CBF4B600544FE8 /* Poppins-MediumItalic.ttf in Resources */ = {isa = PBXBuildFile; fileRef = 70C4060128CBF4B500544FE8 /* Poppins-MediumItalic.ttf */; };
		70C4061428CBF4B600544FE8 /* Poppins-Regular.ttf in Resources */ = {isa = PBXBuildFile; fileRef = 70C4060228CBF4B500544FE8 /* Poppins-Regular.ttf */; };
		70C4061528CBF4B600544FE8 /* Poppins-SemiBoldItalic.ttf in Resources */ = {isa = PBXBuildFile; fileRef = 70C4060328CBF4B500544FE8 /* Poppins-SemiBoldItalic.ttf */; };
		70C4061628CBF4B600544FE8 /* Poppins-ExtraLightItalic.ttf in Resources */ = {isa = PBXBuildFile; fileRef = 70C4060428CBF4B500544FE8 /* Poppins-ExtraLightItalic.ttf */; };
		70C4061728CBF4B600544FE8 /* Poppins-Thin.ttf in Resources */ = {isa = PBXBuildFile; fileRef = 70C4060528CBF4B500544FE8 /* Poppins-Thin.ttf */; };
		70C4061828CBF4B600544FE8 /* Poppins-ExtraBoldItalic.ttf in Resources */ = {isa = PBXBuildFile; fileRef = 70C4060628CBF4B500544FE8 /* Poppins-ExtraBoldItalic.ttf */; };
		70C4061928CBF4B600544FE8 /* Poppins-BlackItalic.ttf in Resources */ = {isa = PBXBuildFile; fileRef = 70C4060728CBF4B500544FE8 /* Poppins-BlackItalic.ttf */; };
		70C4061A28CBF4B600544FE8 /* Poppins-Light.ttf in Resources */ = {isa = PBXBuildFile; fileRef = 70C4060828CBF4B500544FE8 /* Poppins-Light.ttf */; };
		70C4061B28CBF4B600544FE8 /* Poppins-Bold.ttf in Resources */ = {isa = PBXBuildFile; fileRef = 70C4060928CBF4B500544FE8 /* Poppins-Bold.ttf */; };
		70C4061C28CBF4B600544FE8 /* Poppins-BoldItalic.ttf in Resources */ = {isa = PBXBuildFile; fileRef = 70C4060A28CBF4B500544FE8 /* Poppins-BoldItalic.ttf */; };
		70C4061D28CBF4B600544FE8 /* Poppins-ThinItalic.ttf in Resources */ = {isa = PBXBuildFile; fileRef = 70C4060B28CBF4B500544FE8 /* Poppins-ThinItalic.ttf */; };
		70C4061E28CBF4B600544FE8 /* Poppins-Black.ttf in Resources */ = {isa = PBXBuildFile; fileRef = 70C4060C28CBF4B500544FE8 /* Poppins-Black.ttf */; };
		70C4061F28CBF4B600544FE8 /* Poppins-SemiBold.ttf in Resources */ = {isa = PBXBuildFile; fileRef = 70C4060D28CBF4B500544FE8 /* Poppins-SemiBold.ttf */; };
/* End PBXBuildFile section */

/* Begin PBXContainerItemProxy section */
		70C405B928CBDCBE00544FE8 /* PBXContainerItemProxy */ = {
			isa = PBXContainerItemProxy;
			containerPortal = 70C4059A28CBDCBA00544FE8 /* Project object */;
			proxyType = 1;
			remoteGlobalIDString = 70C405A128CBDCBA00544FE8;
			remoteInfo = "Telgani-Test";
		};
		70C405C328CBDCBE00544FE8 /* PBXContainerItemProxy */ = {
			isa = PBXContainerItemProxy;
			containerPortal = 70C4059A28CBDCBA00544FE8 /* Project object */;
			proxyType = 1;
			remoteGlobalIDString = 70C405A128CBDCBA00544FE8;
			remoteInfo = "Telgani-Test";
		};
/* End PBXContainerItemProxy section */

/* Begin PBXFileReference section */
		7009F4BA28CCEEAD004F2C7A /* BookingDetailsVC.swift */ = {isa = PBXFileReference; lastKnownFileType = sourcecode.swift; path = BookingDetailsVC.swift; sourceTree = "<group>"; };
		7009F4BD28CD0E1B004F2C7A /* PaymentTableViewCell.swift */ = {isa = PBXFileReference; lastKnownFileType = sourcecode.swift; path = PaymentTableViewCell.swift; sourceTree = "<group>"; };
		7009F4BF28CD16B2004F2C7A /* UINavigationController + Pop.swift */ = {isa = PBXFileReference; lastKnownFileType = sourcecode.swift; path = "UINavigationController + Pop.swift"; sourceTree = "<group>"; };
		7009F4C128CD16ED004F2C7A /* UINavigationController + Style.swift */ = {isa = PBXFileReference; lastKnownFileType = sourcecode.swift; path = "UINavigationController + Style.swift"; sourceTree = "<group>"; };
		7026DF8328CCC17900AF4D96 /* Hanimation_Arabic_Bold.otf */ = {isa = PBXFileReference; lastKnownFileType = file; path = Hanimation_Arabic_Bold.otf; sourceTree = "<group>"; };
		7026DF8528CCC19700AF4D96 /* Hanimation_Arabic_Medium.otf */ = {isa = PBXFileReference; lastKnownFileType = file; path = Hanimation_Arabic_Medium.otf; sourceTree = "<group>"; };
		7026DF8728CCC1B000AF4D96 /* Hanimation_Arabic_SemiBold.otf */ = {isa = PBXFileReference; lastKnownFileType = file; path = Hanimation_Arabic_SemiBold.otf; sourceTree = "<group>"; };
		7047A76428CD1A93003DB518 /* PartenerCellViewModel.swift */ = {isa = PBXFileReference; lastKnownFileType = sourcecode.swift; path = PartenerCellViewModel.swift; sourceTree = "<group>"; };
		7047A76728CD1DAB003DB518 /* PrimaryNavigationController.swift */ = {isa = PBXFileReference; lastKnownFileType = sourcecode.swift; path = PrimaryNavigationController.swift; sourceTree = "<group>"; };
		7061A20328CC0598000BC5B9 /* HomeVC.swift */ = {isa = PBXFileReference; lastKnownFileType = sourcecode.swift; path = HomeVC.swift; sourceTree = "<group>"; };
		7061A20528CC0786000BC5B9 /* HomeViewModel.swift */ = {isa = PBXFileReference; lastKnownFileType = sourcecode.swift; path = HomeViewModel.swift; sourceTree = "<group>"; };
		7061A20728CC088B000BC5B9 /* PartenerTableViewCell.swift */ = {isa = PBXFileReference; lastKnownFileType = sourcecode.swift; path = PartenerTableViewCell.swift; sourceTree = "<group>"; };
		709C2AA928CC0F540028C1B8 /* VechileCollectionViewCell.swift */ = {isa = PBXFileReference; lastKnownFileType = sourcecode.swift; path = VechileCollectionViewCell.swift; sourceTree = "<group>"; };
		709DC50628CDF3770091B1DC /* BookingDetailsViewModel.swift */ = {isa = PBXFileReference; lastKnownFileType = sourcecode.swift; path = BookingDetailsViewModel.swift; sourceTree = "<group>"; };
		709DC50928CDFC730091B1DC /* PaymentModel.swift */ = {isa = PBXFileReference; lastKnownFileType = sourcecode.swift; path = PaymentModel.swift; sourceTree = "<group>"; };
		70A4928728CDCB88002A325A /* LandingPageViewModel.swift */ = {isa = PBXFileReference; lastKnownFileType = sourcecode.swift; path = LandingPageViewModel.swift; sourceTree = "<group>"; };
		70A4928928CDD3E4002A325A /* LandingPageVC.swift */ = {isa = PBXFileReference; lastKnownFileType = sourcecode.swift; path = LandingPageVC.swift; sourceTree = "<group>"; };
		70A4928C28CDD45B002A325A /* LanguageManager.swift */ = {isa = PBXFileReference; lastKnownFileType = sourcecode.swift; path = LanguageManager.swift; sourceTree = "<group>"; };
		70BD6BD528CCABB100FAC942 /* BookingDetails.storyboard */ = {isa = PBXFileReference; lastKnownFileType = file.storyboard; path = BookingDetails.storyboard; sourceTree = "<group>"; };
		70C405A228CBDCBA00544FE8 /* Telgani-Test.app */ = {isa = PBXFileReference; explicitFileType = wrapper.application; includeInIndex = 0; path = "Telgani-Test.app"; sourceTree = BUILT_PRODUCTS_DIR; };
		70C405A528CBDCBA00544FE8 /* AppDelegate.swift */ = {isa = PBXFileReference; lastKnownFileType = sourcecode.swift; path = AppDelegate.swift; sourceTree = "<group>"; };
		70C405A928CBDCBA00544FE8 /* ViewController.swift */ = {isa = PBXFileReference; lastKnownFileType = sourcecode.swift; path = ViewController.swift; sourceTree = "<group>"; };
		70C405AC28CBDCBA00544FE8 /* Base */ = {isa = PBXFileReference; lastKnownFileType = file.storyboard; name = Base; path = Base.lproj/Main.storyboard; sourceTree = "<group>"; };
		70C405AE28CBDCBD00544FE8 /* Assets.xcassets */ = {isa = PBXFileReference; lastKnownFileType = folder.assetcatalog; path = Assets.xcassets; sourceTree = "<group>"; };
		70C405B128CBDCBD00544FE8 /* Base */ = {isa = PBXFileReference; lastKnownFileType = file.storyboard; name = Base; path = Base.lproj/LaunchScreen.storyboard; sourceTree = "<group>"; };
		70C405B328CBDCBD00544FE8 /* Info.plist */ = {isa = PBXFileReference; lastKnownFileType = text.plist.xml; path = Info.plist; sourceTree = "<group>"; };
		70C405B828CBDCBE00544FE8 /* Telgani-TestTests.xctest */ = {isa = PBXFileReference; explicitFileType = wrapper.cfbundle; includeInIndex = 0; path = "Telgani-TestTests.xctest"; sourceTree = BUILT_PRODUCTS_DIR; };
		70C405BC28CBDCBE00544FE8 /* Telgani_TestTests.swift */ = {isa = PBXFileReference; lastKnownFileType = sourcecode.swift; path = Telgani_TestTests.swift; sourceTree = "<group>"; };
		70C405C228CBDCBE00544FE8 /* Telgani-TestUITests.xctest */ = {isa = PBXFileReference; explicitFileType = wrapper.cfbundle; includeInIndex = 0; path = "Telgani-TestUITests.xctest"; sourceTree = BUILT_PRODUCTS_DIR; };
		70C405C628CBDCBE00544FE8 /* Telgani_TestUITests.swift */ = {isa = PBXFileReference; lastKnownFileType = sourcecode.swift; path = Telgani_TestUITests.swift; sourceTree = "<group>"; };
		70C405C828CBDCBE00544FE8 /* Telgani_TestUITestsLaunchTests.swift */ = {isa = PBXFileReference; lastKnownFileType = sourcecode.swift; path = Telgani_TestUITestsLaunchTests.swift; sourceTree = "<group>"; };
		70C405DC28CBDD3200544FE8 /* Home.storyboard */ = {isa = PBXFileReference; lastKnownFileType = file.storyboard; path = Home.storyboard; sourceTree = "<group>"; };
		70C405E328CBDE7D00544FE8 /* LandingPage.storyboard */ = {isa = PBXFileReference; lastKnownFileType = file.storyboard; path = LandingPage.storyboard; sourceTree = "<group>"; };
		70C405E928CBE04200544FE8 /* PrimaryButton.swift */ = {isa = PBXFileReference; lastKnownFileType = sourcecode.swift; path = PrimaryButton.swift; sourceTree = "<group>"; };
		70C405EC28CBE0B600544FE8 /* UIColor + Theem Colors.swift */ = {isa = PBXFileReference; lastKnownFileType = sourcecode.swift; path = "UIColor + Theem Colors.swift"; sourceTree = "<group>"; };
		70C405EF28CBE21700544FE8 /* hanimation-regular.ttf */ = {isa = PBXFileReference; lastKnownFileType = file; path = "hanimation-regular.ttf"; sourceTree = "<group>"; };
		70C405F128CBE28800544FE8 /* UIFont + HanimationFont.swift */ = {isa = PBXFileReference; lastKnownFileType = sourcecode.swift; path = "UIFont + HanimationFont.swift"; sourceTree = "<group>"; };
		70C405F428CBE2B800544FE8 /* Constants.swift */ = {isa = PBXFileReference; lastKnownFileType = sourcecode.swift; path = Constants.swift; sourceTree = "<group>"; };
		70C405F628CBE7B300544FE8 /* UIView + Shadow.swift */ = {isa = PBXFileReference; lastKnownFileType = sourcecode.swift; path = "UIView + Shadow.swift"; sourceTree = "<group>"; };
		70C405F828CBE86F00544FE8 /* UIView + Borders.swift */ = {isa = PBXFileReference; lastKnownFileType = sourcecode.swift; path = "UIView + Borders.swift"; sourceTree = "<group>"; };
		70C405FA28CBE99B00544FE8 /* UISearchBar.swift */ = {isa = PBXFileReference; lastKnownFileType = sourcecode.swift; path = UISearchBar.swift; sourceTree = "<group>"; };
		70C405FC28CBF4B400544FE8 /* Poppins-ExtraLight.ttf */ = {isa = PBXFileReference; lastKnownFileType = file; path = "Poppins-ExtraLight.ttf"; sourceTree = "<group>"; };
		70C405FD28CBF4B400544FE8 /* Poppins-ExtraBold.ttf */ = {isa = PBXFileReference; lastKnownFileType = file; path = "Poppins-ExtraBold.ttf"; sourceTree = "<group>"; };
		70C405FE28CBF4B400544FE8 /* Poppins-Italic.ttf */ = {isa = PBXFileReference; lastKnownFileType = file; path = "Poppins-Italic.ttf"; sourceTree = "<group>"; };
		70C405FF28CBF4B400544FE8 /* Poppins-LightItalic.ttf */ = {isa = PBXFileReference; lastKnownFileType = file; path = "Poppins-LightItalic.ttf"; sourceTree = "<group>"; };
		70C4060028CBF4B400544FE8 /* Poppins-Medium.ttf */ = {isa = PBXFileReference; lastKnownFileType = file; path = "Poppins-Medium.ttf"; sourceTree = "<group>"; };
		70C4060128CBF4B500544FE8 /* Poppins-MediumItalic.ttf */ = {isa = PBXFileReference; lastKnownFileType = file; path = "Poppins-MediumItalic.ttf"; sourceTree = "<group>"; };
		70C4060228CBF4B500544FE8 /* Poppins-Regular.ttf */ = {isa = PBXFileReference; lastKnownFileType = file; path = "Poppins-Regular.ttf"; sourceTree = "<group>"; };
		70C4060328CBF4B500544FE8 /* Poppins-SemiBoldItalic.ttf */ = {isa = PBXFileReference; lastKnownFileType = file; path = "Poppins-SemiBoldItalic.ttf"; sourceTree = "<group>"; };
		70C4060428CBF4B500544FE8 /* Poppins-ExtraLightItalic.ttf */ = {isa = PBXFileReference; lastKnownFileType = file; path = "Poppins-ExtraLightItalic.ttf"; sourceTree = "<group>"; };
		70C4060528CBF4B500544FE8 /* Poppins-Thin.ttf */ = {isa = PBXFileReference; lastKnownFileType = file; path = "Poppins-Thin.ttf"; sourceTree = "<group>"; };
		70C4060628CBF4B500544FE8 /* Poppins-ExtraBoldItalic.ttf */ = {isa = PBXFileReference; lastKnownFileType = file; path = "Poppins-ExtraBoldItalic.ttf"; sourceTree = "<group>"; };
		70C4060728CBF4B500544FE8 /* Poppins-BlackItalic.ttf */ = {isa = PBXFileReference; lastKnownFileType = file; path = "Poppins-BlackItalic.ttf"; sourceTree = "<group>"; };
		70C4060828CBF4B500544FE8 /* Poppins-Light.ttf */ = {isa = PBXFileReference; lastKnownFileType = file; path = "Poppins-Light.ttf"; sourceTree = "<group>"; };
		70C4060928CBF4B500544FE8 /* Poppins-Bold.ttf */ = {isa = PBXFileReference; lastKnownFileType = file; path = "Poppins-Bold.ttf"; sourceTree = "<group>"; };
		70C4060A28CBF4B500544FE8 /* Poppins-BoldItalic.ttf */ = {isa = PBXFileReference; lastKnownFileType = file; path = "Poppins-BoldItalic.ttf"; sourceTree = "<group>"; };
		70C4060B28CBF4B500544FE8 /* Poppins-ThinItalic.ttf */ = {isa = PBXFileReference; lastKnownFileType = file; path = "Poppins-ThinItalic.ttf"; sourceTree = "<group>"; };
		70C4060C28CBF4B500544FE8 /* Poppins-Black.ttf */ = {isa = PBXFileReference; lastKnownFileType = file; path = "Poppins-Black.ttf"; sourceTree = "<group>"; };
		70C4060D28CBF4B500544FE8 /* Poppins-SemiBold.ttf */ = {isa = PBXFileReference; lastKnownFileType = file; path = "Poppins-SemiBold.ttf"; sourceTree = "<group>"; };
/* End PBXFileReference section */

/* Begin PBXFrameworksBuildPhase section */
		70C4059F28CBDCBA00544FE8 /* Frameworks */ = {
			isa = PBXFrameworksBuildPhase;
			buildActionMask = 2147483647;
			files = (
			);
			runOnlyForDeploymentPostprocessing = 0;
		};
		70C405B528CBDCBE00544FE8 /* Frameworks */ = {
			isa = PBXFrameworksBuildPhase;
			buildActionMask = 2147483647;
			files = (
			);
			runOnlyForDeploymentPostprocessing = 0;
		};
		70C405BF28CBDCBE00544FE8 /* Frameworks */ = {
			isa = PBXFrameworksBuildPhase;
			buildActionMask = 2147483647;
			files = (
			);
			runOnlyForDeploymentPostprocessing = 0;
		};
/* End PBXFrameworksBuildPhase section */

/* Begin PBXGroup section */
		7009F4BC28CD0DC9004F2C7A /* CustomViews */ = {
			isa = PBXGroup;
			children = (
				7009F4BD28CD0E1B004F2C7A /* PaymentTableViewCell.swift */,
			);
			path = CustomViews;
			sourceTree = "<group>";
		};
		7047A76628CD1D7D003DB518 /* PrimaryNavigationController */ = {
			isa = PBXGroup;
			children = (
				7047A76728CD1DAB003DB518 /* PrimaryNavigationController.swift */,
			);
			path = PrimaryNavigationController;
			sourceTree = "<group>";
		};
		7061A1FF28CC0530000BC5B9 /* Core */ = {
			isa = PBXGroup;
			children = (
				7047A76628CD1D7D003DB518 /* PrimaryNavigationController */,
			);
			path = Core;
			sourceTree = "<group>";
		};
		709DC50828CDFC640091B1DC /* Model */ = {
			isa = PBXGroup;
			children = (
				709DC50928CDFC730091B1DC /* PaymentModel.swift */,
			);
			path = Model;
			sourceTree = "<group>";
		};
		70A4928B28CDD435002A325A /* LanguageManager */ = {
			isa = PBXGroup;
			children = (
				70A4928C28CDD45B002A325A /* LanguageManager.swift */,
			);
			path = LanguageManager;
			sourceTree = "<group>";
		};
		70BD6BD028CCAB6500FAC942 /* BookingDetails */ = {
			isa = PBXGroup;
			children = (
				709DC50828CDFC640091B1DC /* Model */,
				70BD6BD328CCAB8000FAC942 /* ViewController */,
				70BD6BD228CCAB7900FAC942 /* ViewModel */,
				70BD6BD128CCAB7200FAC942 /* View */,
			);
			path = BookingDetails;
			sourceTree = "<group>";
		};
		70BD6BD128CCAB7200FAC942 /* View */ = {
			isa = PBXGroup;
			children = (
				7009F4BC28CD0DC9004F2C7A /* CustomViews */,
				70BD6BD428CCAB9100FAC942 /* StoryBoard */,
			);
			path = View;
			sourceTree = "<group>";
		};
		70BD6BD228CCAB7900FAC942 /* ViewModel */ = {
			isa = PBXGroup;
			children = (
				709DC50628CDF3770091B1DC /* BookingDetailsViewModel.swift */,
			);
			path = ViewModel;
			sourceTree = "<group>";
		};
		70BD6BD328CCAB8000FAC942 /* ViewController */ = {
			isa = PBXGroup;
			children = (
				7009F4BA28CCEEAD004F2C7A /* BookingDetailsVC.swift */,
			);
			path = ViewController;
			sourceTree = "<group>";
		};
		70BD6BD428CCAB9100FAC942 /* StoryBoard */ = {
			isa = PBXGroup;
			children = (
				70BD6BD528CCABB100FAC942 /* BookingDetails.storyboard */,
			);
			path = StoryBoard;
			sourceTree = "<group>";
		};
		70C4059928CBDCBA00544FE8 = {
			isa = PBXGroup;
			children = (
				70C405A428CBDCBA00544FE8 /* Telgani-Test */,
				70C405BB28CBDCBE00544FE8 /* Telgani-TestTests */,
				70C405C528CBDCBE00544FE8 /* Telgani-TestUITests */,
				70C405A328CBDCBA00544FE8 /* Products */,
			);
			sourceTree = "<group>";
		};
		70C405A328CBDCBA00544FE8 /* Products */ = {
			isa = PBXGroup;
			children = (
				70C405A228CBDCBA00544FE8 /* Telgani-Test.app */,
				70C405B828CBDCBE00544FE8 /* Telgani-TestTests.xctest */,
				70C405C228CBDCBE00544FE8 /* Telgani-TestUITests.xctest */,
			);
			name = Products;
			sourceTree = "<group>";
		};
		70C405A428CBDCBA00544FE8 /* Telgani-Test */ = {
			isa = PBXGroup;
			children = (
				7061A1FF28CC0530000BC5B9 /* Core */,
				70C405F328CBE2A600544FE8 /* Constants */,
				70C405EE28CBE20800544FE8 /* Fonts */,
				70C405EB28CBE09300544FE8 /* Extenstions */,
				70C405E728CBE00C00544FE8 /* Components */,
				70C405E528CBDF3E00544FE8 /* Resources */,
				70C405D528CBDCCF00544FE8 /* Modules */,
				70C405A528CBDCBA00544FE8 /* AppDelegate.swift */,
				70C405A928CBDCBA00544FE8 /* ViewController.swift */,
				70C405AB28CBDCBA00544FE8 /* Main.storyboard */,
				70C405B028CBDCBD00544FE8 /* LaunchScreen.storyboard */,
				70C405B328CBDCBD00544FE8 /* Info.plist */,
			);
			path = "Telgani-Test";
			sourceTree = "<group>";
		};
		70C405BB28CBDCBE00544FE8 /* Telgani-TestTests */ = {
			isa = PBXGroup;
			children = (
				70C405BC28CBDCBE00544FE8 /* Telgani_TestTests.swift */,
			);
			path = "Telgani-TestTests";
			sourceTree = "<group>";
		};
		70C405C528CBDCBE00544FE8 /* Telgani-TestUITests */ = {
			isa = PBXGroup;
			children = (
				70C405C628CBDCBE00544FE8 /* Telgani_TestUITests.swift */,
				70C405C828CBDCBE00544FE8 /* Telgani_TestUITestsLaunchTests.swift */,
			);
			path = "Telgani-TestUITests";
			sourceTree = "<group>";
		};
		70C405D528CBDCCF00544FE8 /* Modules */ = {
			isa = PBXGroup;
			children = (
				70BD6BD028CCAB6500FAC942 /* BookingDetails */,
				70C405DE28CBDE1700544FE8 /* LandingPage */,
				70C405D628CBDCD900544FE8 /* HomePage */,
			);
			path = Modules;
			sourceTree = "<group>";
		};
		70C405D628CBDCD900544FE8 /* HomePage */ = {
			isa = PBXGroup;
			children = (
				70C405DA28CBDD0300544FE8 /* CustomViews */,
				70C405D928CBDCF900544FE8 /* ViewController */,
				70C405D828CBDCEF00544FE8 /* ViewModel */,
				70C405D728CBDCE600544FE8 /* View */,
			);
			path = HomePage;
			sourceTree = "<group>";
		};
		70C405D728CBDCE600544FE8 /* View */ = {
			isa = PBXGroup;
			children = (
				70C405DB28CBDD1500544FE8 /* StoryBoard */,
			);
			path = View;
			sourceTree = "<group>";
		};
		70C405D828CBDCEF00544FE8 /* ViewModel */ = {
			isa = PBXGroup;
			children = (
				7061A20528CC0786000BC5B9 /* HomeViewModel.swift */,
				7047A76428CD1A93003DB518 /* PartenerCellViewModel.swift */,
			);
			path = ViewModel;
			sourceTree = "<group>";
		};
		70C405D928CBDCF900544FE8 /* ViewController */ = {
			isa = PBXGroup;
			children = (
				7061A20328CC0598000BC5B9 /* HomeVC.swift */,
			);
			path = ViewController;
			sourceTree = "<group>";
		};
		70C405DA28CBDD0300544FE8 /* CustomViews */ = {
			isa = PBXGroup;
			children = (
				7061A20728CC088B000BC5B9 /* PartenerTableViewCell.swift */,
				709C2AA928CC0F540028C1B8 /* VechileCollectionViewCell.swift */,
			);
			path = CustomViews;
			sourceTree = "<group>";
		};
		70C405DB28CBDD1500544FE8 /* StoryBoard */ = {
			isa = PBXGroup;
			children = (
				70C405DC28CBDD3200544FE8 /* Home.storyboard */,
			);
			path = StoryBoard;
			sourceTree = "<group>";
		};
		70C405DE28CBDE1700544FE8 /* LandingPage */ = {
			isa = PBXGroup;
			children = (
				70C405E128CBDE3C00544FE8 /* ViewModel */,
				70C405E028CBDE2C00544FE8 /* ViewController */,
				70C405DF28CBDE2600544FE8 /* View */,
			);
			path = LandingPage;
			sourceTree = "<group>";
		};
		70C405DF28CBDE2600544FE8 /* View */ = {
			isa = PBXGroup;
			children = (
				70C405E228CBDE4B00544FE8 /* StoryBoard */,
			);
			path = View;
			sourceTree = "<group>";
		};
		70C405E028CBDE2C00544FE8 /* ViewController */ = {
			isa = PBXGroup;
			children = (
				70A4928928CDD3E4002A325A /* LandingPageVC.swift */,
			);
			path = ViewController;
			sourceTree = "<group>";
		};
		70C405E128CBDE3C00544FE8 /* ViewModel */ = {
			isa = PBXGroup;
			children = (
				70A4928728CDCB88002A325A /* LandingPageViewModel.swift */,
			);
			path = ViewModel;
			sourceTree = "<group>";
		};
		70C405E228CBDE4B00544FE8 /* StoryBoard */ = {
			isa = PBXGroup;
			children = (
				70C405E328CBDE7D00544FE8 /* LandingPage.storyboard */,
			);
			path = StoryBoard;
			sourceTree = "<group>";
		};
		70C405E528CBDF3E00544FE8 /* Resources */ = {
			isa = PBXGroup;
			children = (
				70A4928B28CDD435002A325A /* LanguageManager */,
				70C405E628CBDF4A00544FE8 /* Assets */,
			);
			path = Resources;
			sourceTree = "<group>";
		};
		70C405E628CBDF4A00544FE8 /* Assets */ = {
			isa = PBXGroup;
			children = (
				70C405AE28CBDCBD00544FE8 /* Assets.xcassets */,
			);
			path = Assets;
			sourceTree = "<group>";
		};
		70C405E728CBE00C00544FE8 /* Components */ = {
			isa = PBXGroup;
			children = (
				70C405E828CBE01900544FE8 /* PrimaryButton */,
			);
			path = Components;
			sourceTree = "<group>";
		};
		70C405E828CBE01900544FE8 /* PrimaryButton */ = {
			isa = PBXGroup;
			children = (
				70C405E928CBE04200544FE8 /* PrimaryButton.swift */,
			);
			path = PrimaryButton;
			sourceTree = "<group>";
		};
		70C405EB28CBE09300544FE8 /* Extenstions */ = {
			isa = PBXGroup;
			children = (
				70C405EC28CBE0B600544FE8 /* UIColor + Theem Colors.swift */,
				70C405F128CBE28800544FE8 /* UIFont + HanimationFont.swift */,
				70C405F628CBE7B300544FE8 /* UIView + Shadow.swift */,
				70C405F828CBE86F00544FE8 /* UIView + Borders.swift */,
				70C405FA28CBE99B00544FE8 /* UISearchBar.swift */,
				7009F4BF28CD16B2004F2C7A /* UINavigationController + Pop.swift */,
				7009F4C128CD16ED004F2C7A /* UINavigationController + Style.swift */,
			);
			path = Extenstions;
			sourceTree = "<group>";
		};
		70C405EE28CBE20800544FE8 /* Fonts */ = {
			isa = PBXGroup;
			children = (
				70C405EF28CBE21700544FE8 /* hanimation-regular.ttf */,
				7026DF8728CCC1B000AF4D96 /* Hanimation_Arabic_SemiBold.otf */,
				7026DF8528CCC19700AF4D96 /* Hanimation_Arabic_Medium.otf */,
				7026DF8328CCC17900AF4D96 /* Hanimation_Arabic_Bold.otf */,
				70C4060C28CBF4B500544FE8 /* Poppins-Black.ttf */,
				70C4060728CBF4B500544FE8 /* Poppins-BlackItalic.ttf */,
				70C4060928CBF4B500544FE8 /* Poppins-Bold.ttf */,
				70C4060A28CBF4B500544FE8 /* Poppins-BoldItalic.ttf */,
				70C405FD28CBF4B400544FE8 /* Poppins-ExtraBold.ttf */,
				70C4060628CBF4B500544FE8 /* Poppins-ExtraBoldItalic.ttf */,
				70C405FC28CBF4B400544FE8 /* Poppins-ExtraLight.ttf */,
				70C4060428CBF4B500544FE8 /* Poppins-ExtraLightItalic.ttf */,
				70C405FE28CBF4B400544FE8 /* Poppins-Italic.ttf */,
				70C4060828CBF4B500544FE8 /* Poppins-Light.ttf */,
				70C405FF28CBF4B400544FE8 /* Poppins-LightItalic.ttf */,
				70C4060028CBF4B400544FE8 /* Poppins-Medium.ttf */,
				70C4060128CBF4B500544FE8 /* Poppins-MediumItalic.ttf */,
				70C4060228CBF4B500544FE8 /* Poppins-Regular.ttf */,
				70C4060D28CBF4B500544FE8 /* Poppins-SemiBold.ttf */,
				70C4060328CBF4B500544FE8 /* Poppins-SemiBoldItalic.ttf */,
				70C4060528CBF4B500544FE8 /* Poppins-Thin.ttf */,
				70C4060B28CBF4B500544FE8 /* Poppins-ThinItalic.ttf */,
			);
			path = Fonts;
			sourceTree = "<group>";
		};
		70C405F328CBE2A600544FE8 /* Constants */ = {
			isa = PBXGroup;
			children = (
				70C405F428CBE2B800544FE8 /* Constants.swift */,
			);
			path = Constants;
			sourceTree = "<group>";
		};
/* End PBXGroup section */

/* Begin PBXNativeTarget section */
		70C405A128CBDCBA00544FE8 /* Telgani-Test */ = {
			isa = PBXNativeTarget;
			buildConfigurationList = 70C405CC28CBDCBE00544FE8 /* Build configuration list for PBXNativeTarget "Telgani-Test" */;
			buildPhases = (
				70C4059E28CBDCBA00544FE8 /* Sources */,
				70C4059F28CBDCBA00544FE8 /* Frameworks */,
				70C405A028CBDCBA00544FE8 /* Resources */,
			);
			buildRules = (
			);
			dependencies = (
			);
			name = "Telgani-Test";
			productName = "Telgani-Test";
			productReference = 70C405A228CBDCBA00544FE8 /* Telgani-Test.app */;
			productType = "com.apple.product-type.application";
		};
		70C405B728CBDCBE00544FE8 /* Telgani-TestTests */ = {
			isa = PBXNativeTarget;
			buildConfigurationList = 70C405CF28CBDCBE00544FE8 /* Build configuration list for PBXNativeTarget "Telgani-TestTests" */;
			buildPhases = (
				70C405B428CBDCBE00544FE8 /* Sources */,
				70C405B528CBDCBE00544FE8 /* Frameworks */,
				70C405B628CBDCBE00544FE8 /* Resources */,
			);
			buildRules = (
			);
			dependencies = (
				70C405BA28CBDCBE00544FE8 /* PBXTargetDependency */,
			);
			name = "Telgani-TestTests";
			productName = "Telgani-TestTests";
			productReference = 70C405B828CBDCBE00544FE8 /* Telgani-TestTests.xctest */;
			productType = "com.apple.product-type.bundle.unit-test";
		};
		70C405C128CBDCBE00544FE8 /* Telgani-TestUITests */ = {
			isa = PBXNativeTarget;
			buildConfigurationList = 70C405D228CBDCBE00544FE8 /* Build configuration list for PBXNativeTarget "Telgani-TestUITests" */;
			buildPhases = (
				70C405BE28CBDCBE00544FE8 /* Sources */,
				70C405BF28CBDCBE00544FE8 /* Frameworks */,
				70C405C028CBDCBE00544FE8 /* Resources */,
			);
			buildRules = (
			);
			dependencies = (
				70C405C428CBDCBE00544FE8 /* PBXTargetDependency */,
			);
			name = "Telgani-TestUITests";
			productName = "Telgani-TestUITests";
			productReference = 70C405C228CBDCBE00544FE8 /* Telgani-TestUITests.xctest */;
			productType = "com.apple.product-type.bundle.ui-testing";
		};
/* End PBXNativeTarget section */

/* Begin PBXProject section */
		70C4059A28CBDCBA00544FE8 /* Project object */ = {
			isa = PBXProject;
			attributes = {
				BuildIndependentTargetsInParallel = 1;
				LastSwiftUpdateCheck = 1310;
				LastUpgradeCheck = 1310;
				TargetAttributes = {
					70C405A128CBDCBA00544FE8 = {
						CreatedOnToolsVersion = 13.1;
					};
					70C405B728CBDCBE00544FE8 = {
						CreatedOnToolsVersion = 13.1;
						TestTargetID = 70C405A128CBDCBA00544FE8;
					};
					70C405C128CBDCBE00544FE8 = {
						CreatedOnToolsVersion = 13.1;
						TestTargetID = 70C405A128CBDCBA00544FE8;
					};
				};
			};
			buildConfigurationList = 70C4059D28CBDCBA00544FE8 /* Build configuration list for PBXProject "Telgani-Test" */;
			compatibilityVersion = "Xcode 13.0";
			developmentRegion = en;
			hasScannedForEncodings = 0;
			knownRegions = (
				en,
				Base,
			);
			mainGroup = 70C4059928CBDCBA00544FE8;
			productRefGroup = 70C405A328CBDCBA00544FE8 /* Products */;
			projectDirPath = "";
			projectRoot = "";
			targets = (
				70C405A128CBDCBA00544FE8 /* Telgani-Test */,
				70C405B728CBDCBE00544FE8 /* Telgani-TestTests */,
				70C405C128CBDCBE00544FE8 /* Telgani-TestUITests */,
			);
		};
/* End PBXProject section */

/* Begin PBXResourcesBuildPhase section */
		70C405A028CBDCBA00544FE8 /* Resources */ = {
			isa = PBXResourcesBuildPhase;
			buildActionMask = 2147483647;
			files = (
				70C405B228CBDCBD00544FE8 /* LaunchScreen.storyboard in Resources */,
				70C4061328CBF4B600544FE8 /* Poppins-MediumItalic.ttf in Resources */,
				70C4061428CBF4B600544FE8 /* Poppins-Regular.ttf in Resources */,
				7026DF8628CCC19700AF4D96 /* Hanimation_Arabic_Medium.otf in Resources */,
				70C4061D28CBF4B600544FE8 /* Poppins-ThinItalic.ttf in Resources */,
				70C4061E28CBF4B600544FE8 /* Poppins-Black.ttf in Resources */,
				70C4061528CBF4B600544FE8 /* Poppins-SemiBoldItalic.ttf in Resources */,
				70C4061128CBF4B600544FE8 /* Poppins-LightItalic.ttf in Resources */,
				70C4061728CBF4B600544FE8 /* Poppins-Thin.ttf in Resources */,
				70C4061228CBF4B600544FE8 /* Poppins-Medium.ttf in Resources */,
				70C4061B28CBF4B600544FE8 /* Poppins-Bold.ttf in Resources */,
				70C405E428CBDE7D00544FE8 /* LandingPage.storyboard in Resources */,
				70C4061C28CBF4B600544FE8 /* Poppins-BoldItalic.ttf in Resources */,
				70C405AF28CBDCBD00544FE8 /* Assets.xcassets in Resources */,
				70C4061028CBF4B600544FE8 /* Poppins-Italic.ttf in Resources */,
				70C4061A28CBF4B600544FE8 /* Poppins-Light.ttf in Resources */,
				70C405AD28CBDCBA00544FE8 /* Main.storyboard in Resources */,
				70C4060F28CBF4B600544FE8 /* Poppins-ExtraBold.ttf in Resources */,
				70C405DD28CBDD3200544FE8 /* Home.storyboard in Resources */,
				70C4061628CBF4B600544FE8 /* Poppins-ExtraLightItalic.ttf in Resources */,
				7026DF8828CCC1B000AF4D96 /* Hanimation_Arabic_SemiBold.otf in Resources */,
				70C405F028CBE21700544FE8 /* hanimation-regular.ttf in Resources */,
				7026DF8428CCC17900AF4D96 /* Hanimation_Arabic_Bold.otf in Resources */,
				70C4060E28CBF4B600544FE8 /* Poppins-ExtraLight.ttf in Resources */,
				70C4061F28CBF4B600544FE8 /* Poppins-SemiBold.ttf in Resources */,
				70BD6BD628CCABB100FAC942 /* BookingDetails.storyboard in Resources */,
				70C4061928CBF4B600544FE8 /* Poppins-BlackItalic.ttf in Resources */,
				70C4061828CBF4B600544FE8 /* Poppins-ExtraBoldItalic.ttf in Resources */,
			);
			runOnlyForDeploymentPostprocessing = 0;
		};
		70C405B628CBDCBE00544FE8 /* Resources */ = {
			isa = PBXResourcesBuildPhase;
			buildActionMask = 2147483647;
			files = (
			);
			runOnlyForDeploymentPostprocessing = 0;
		};
		70C405C028CBDCBE00544FE8 /* Resources */ = {
			isa = PBXResourcesBuildPhase;
			buildActionMask = 2147483647;
			files = (
			);
			runOnlyForDeploymentPostprocessing = 0;
		};
/* End PBXResourcesBuildPhase section */

/* Begin PBXSourcesBuildPhase section */
		70C4059E28CBDCBA00544FE8 /* Sources */ = {
			isa = PBXSourcesBuildPhase;
			buildActionMask = 2147483647;
			files = (
				70A4928828CDCB88002A325A /* LandingPageViewModel.swift in Sources */,
				70C405AA28CBDCBA00544FE8 /* ViewController.swift in Sources */,
				70C405ED28CBE0B600544FE8 /* UIColor + Theem Colors.swift in Sources */,
				709DC50A28CDFC730091B1DC /* PaymentModel.swift in Sources */,
				70C405F728CBE7B300544FE8 /* UIView + Shadow.swift in Sources */,
				7047A76828CD1DAB003DB518 /* PrimaryNavigationController.swift in Sources */,
				7009F4BB28CCEEAD004F2C7A /* BookingDetailsVC.swift in Sources */,
				7047A76528CD1A93003DB518 /* PartenerCellViewModel.swift in Sources */,
				70C405A628CBDCBA00544FE8 /* AppDelegate.swift in Sources */,
				70A4928D28CDD45B002A325A /* LanguageManager.swift in Sources */,
				70A4928A28CDD3E4002A325A /* LandingPageVC.swift in Sources */,
				709DC50728CDF3780091B1DC /* BookingDetailsViewModel.swift in Sources */,
				7009F4BE28CD0E1C004F2C7A /* PaymentTableViewCell.swift in Sources */,
				70C405F928CBE86F00544FE8 /* UIView + Borders.swift in Sources */,
				70C405EA28CBE04200544FE8 /* PrimaryButton.swift in Sources */,
				70C405F528CBE2B800544FE8 /* Constants.swift in Sources */,
				7061A20628CC0786000BC5B9 /* HomeViewModel.swift in Sources */,
				7061A20428CC0598000BC5B9 /* HomeVC.swift in Sources */,
				70C405F228CBE28800544FE8 /* UIFont + HanimationFont.swift in Sources */,
				709C2AAA28CC0F540028C1B8 /* VechileCollectionViewCell.swift in Sources */,
				7009F4C028CD16B2004F2C7A /* UINavigationController + Pop.swift in Sources */,
				7061A20828CC088B000BC5B9 /* PartenerTableViewCell.swift in Sources */,
				70C405FB28CBE99B00544FE8 /* UISearchBar.swift in Sources */,
				7009F4C228CD16ED004F2C7A /* UINavigationController + Style.swift in Sources */,
			);
			runOnlyForDeploymentPostprocessing = 0;
		};
		70C405B428CBDCBE00544FE8 /* Sources */ = {
			isa = PBXSourcesBuildPhase;
			buildActionMask = 2147483647;
			files = (
				70C405BD28CBDCBE00544FE8 /* Telgani_TestTests.swift in Sources */,
			);
			runOnlyForDeploymentPostprocessing = 0;
		};
		70C405BE28CBDCBE00544FE8 /* Sources */ = {
			isa = PBXSourcesBuildPhase;
			buildActionMask = 2147483647;
			files = (
				70C405C728CBDCBE00544FE8 /* Telgani_TestUITests.swift in Sources */,
				70C405C928CBDCBE00544FE8 /* Telgani_TestUITestsLaunchTests.swift in Sources */,
			);
			runOnlyForDeploymentPostprocessing = 0;
		};
/* End PBXSourcesBuildPhase section */

/* Begin PBXTargetDependency section */
		70C405BA28CBDCBE00544FE8 /* PBXTargetDependency */ = {
			isa = PBXTargetDependency;
			target = 70C405A128CBDCBA00544FE8 /* Telgani-Test */;
			targetProxy = 70C405B928CBDCBE00544FE8 /* PBXContainerItemProxy */;
		};
		70C405C428CBDCBE00544FE8 /* PBXTargetDependency */ = {
			isa = PBXTargetDependency;
			target = 70C405A128CBDCBA00544FE8 /* Telgani-Test */;
			targetProxy = 70C405C328CBDCBE00544FE8 /* PBXContainerItemProxy */;
		};
/* End PBXTargetDependency section */

/* Begin PBXVariantGroup section */
		70C405AB28CBDCBA00544FE8 /* Main.storyboard */ = {
			isa = PBXVariantGroup;
			children = (
				70C405AC28CBDCBA00544FE8 /* Base */,
			);
			name = Main.storyboard;
			sourceTree = "<group>";
		};
		70C405B028CBDCBD00544FE8 /* LaunchScreen.storyboard */ = {
			isa = PBXVariantGroup;
			children = (
				70C405B128CBDCBD00544FE8 /* Base */,
			);
			name = LaunchScreen.storyboard;
			sourceTree = "<group>";
		};
/* End PBXVariantGroup section */

/* Begin XCBuildConfiguration section */
		70C405CA28CBDCBE00544FE8 /* Debug */ = {
			isa = XCBuildConfiguration;
			buildSettings = {
				ALWAYS_SEARCH_USER_PATHS = NO;
				CLANG_ANALYZER_NONNULL = YES;
				CLANG_ANALYZER_NUMBER_OBJECT_CONVERSION = YES_AGGRESSIVE;
				CLANG_CXX_LANGUAGE_STANDARD = "gnu++17";
				CLANG_CXX_LIBRARY = "libc++";
				CLANG_ENABLE_MODULES = YES;
				CLANG_ENABLE_OBJC_ARC = YES;
				CLANG_ENABLE_OBJC_WEAK = YES;
				CLANG_WARN_BLOCK_CAPTURE_AUTORELEASING = YES;
				CLANG_WARN_BOOL_CONVERSION = YES;
				CLANG_WARN_COMMA = YES;
				CLANG_WARN_CONSTANT_CONVERSION = YES;
				CLANG_WARN_DEPRECATED_OBJC_IMPLEMENTATIONS = YES;
				CLANG_WARN_DIRECT_OBJC_ISA_USAGE = YES_ERROR;
				CLANG_WARN_DOCUMENTATION_COMMENTS = YES;
				CLANG_WARN_EMPTY_BODY = YES;
				CLANG_WARN_ENUM_CONVERSION = YES;
				CLANG_WARN_INFINITE_RECURSION = YES;
				CLANG_WARN_INT_CONVERSION = YES;
				CLANG_WARN_NON_LITERAL_NULL_CONVERSION = YES;
				CLANG_WARN_OBJC_IMPLICIT_RETAIN_SELF = YES;
				CLANG_WARN_OBJC_LITERAL_CONVERSION = YES;
				CLANG_WARN_OBJC_ROOT_CLASS = YES_ERROR;
				CLANG_WARN_QUOTED_INCLUDE_IN_FRAMEWORK_HEADER = YES;
				CLANG_WARN_RANGE_LOOP_ANALYSIS = YES;
				CLANG_WARN_STRICT_PROTOTYPES = YES;
				CLANG_WARN_SUSPICIOUS_MOVE = YES;
				CLANG_WARN_UNGUARDED_AVAILABILITY = YES_AGGRESSIVE;
				CLANG_WARN_UNREACHABLE_CODE = YES;
				CLANG_WARN__DUPLICATE_METHOD_MATCH = YES;
				COPY_PHASE_STRIP = NO;
				DEBUG_INFORMATION_FORMAT = dwarf;
				ENABLE_STRICT_OBJC_MSGSEND = YES;
				ENABLE_TESTABILITY = YES;
				GCC_C_LANGUAGE_STANDARD = gnu11;
				GCC_DYNAMIC_NO_PIC = NO;
				GCC_NO_COMMON_BLOCKS = YES;
				GCC_OPTIMIZATION_LEVEL = 0;
				GCC_PREPROCESSOR_DEFINITIONS = (
					"DEBUG=1",
					"$(inherited)",
				);
				GCC_WARN_64_TO_32_BIT_CONVERSION = YES;
				GCC_WARN_ABOUT_RETURN_TYPE = YES_ERROR;
				GCC_WARN_UNDECLARED_SELECTOR = YES;
				GCC_WARN_UNINITIALIZED_AUTOS = YES_AGGRESSIVE;
				GCC_WARN_UNUSED_FUNCTION = YES;
				GCC_WARN_UNUSED_VARIABLE = YES;
				IPHONEOS_DEPLOYMENT_TARGET = 15.0;
				MTL_ENABLE_DEBUG_INFO = INCLUDE_SOURCE;
				MTL_FAST_MATH = YES;
				ONLY_ACTIVE_ARCH = YES;
				SDKROOT = iphoneos;
				SWIFT_ACTIVE_COMPILATION_CONDITIONS = DEBUG;
				SWIFT_OPTIMIZATION_LEVEL = "-Onone";
			};
			name = Debug;
		};
		70C405CB28CBDCBE00544FE8 /* Release */ = {
			isa = XCBuildConfiguration;
			buildSettings = {
				ALWAYS_SEARCH_USER_PATHS = NO;
				CLANG_ANALYZER_NONNULL = YES;
				CLANG_ANALYZER_NUMBER_OBJECT_CONVERSION = YES_AGGRESSIVE;
				CLANG_CXX_LANGUAGE_STANDARD = "gnu++17";
				CLANG_CXX_LIBRARY = "libc++";
				CLANG_ENABLE_MODULES = YES;
				CLANG_ENABLE_OBJC_ARC = YES;
				CLANG_ENABLE_OBJC_WEAK = YES;
				CLANG_WARN_BLOCK_CAPTURE_AUTORELEASING = YES;
				CLANG_WARN_BOOL_CONVERSION = YES;
				CLANG_WARN_COMMA = YES;
				CLANG_WARN_CONSTANT_CONVERSION = YES;
				CLANG_WARN_DEPRECATED_OBJC_IMPLEMENTATIONS = YES;
				CLANG_WARN_DIRECT_OBJC_ISA_USAGE = YES_ERROR;
				CLANG_WARN_DOCUMENTATION_COMMENTS = YES;
				CLANG_WARN_EMPTY_BODY = YES;
				CLANG_WARN_ENUM_CONVERSION = YES;
				CLANG_WARN_INFINITE_RECURSION = YES;
				CLANG_WARN_INT_CONVERSION = YES;
				CLANG_WARN_NON_LITERAL_NULL_CONVERSION = YES;
				CLANG_WARN_OBJC_IMPLICIT_RETAIN_SELF = YES;
				CLANG_WARN_OBJC_LITERAL_CONVERSION = YES;
				CLANG_WARN_OBJC_ROOT_CLASS = YES_ERROR;
				CLANG_WARN_QUOTED_INCLUDE_IN_FRAMEWORK_HEADER = YES;
				CLANG_WARN_RANGE_LOOP_ANALYSIS = YES;
				CLANG_WARN_STRICT_PROTOTYPES = YES;
				CLANG_WARN_SUSPICIOUS_MOVE = YES;
				CLANG_WARN_UNGUARDED_AVAILABILITY = YES_AGGRESSIVE;
				CLANG_WARN_UNREACHABLE_CODE = YES;
				CLANG_WARN__DUPLICATE_METHOD_MATCH = YES;
				COPY_PHASE_STRIP = NO;
				DEBUG_INFORMATION_FORMAT = "dwarf-with-dsym";
				ENABLE_NS_ASSERTIONS = NO;
				ENABLE_STRICT_OBJC_MSGSEND = YES;
				GCC_C_LANGUAGE_STANDARD = gnu11;
				GCC_NO_COMMON_BLOCKS = YES;
				GCC_WARN_64_TO_32_BIT_CONVERSION = YES;
				GCC_WARN_ABOUT_RETURN_TYPE = YES_ERROR;
				GCC_WARN_UNDECLARED_SELECTOR = YES;
				GCC_WARN_UNINITIALIZED_AUTOS = YES_AGGRESSIVE;
				GCC_WARN_UNUSED_FUNCTION = YES;
				GCC_WARN_UNUSED_VARIABLE = YES;
				IPHONEOS_DEPLOYMENT_TARGET = 15.0;
				MTL_ENABLE_DEBUG_INFO = NO;
				MTL_FAST_MATH = YES;
				SDKROOT = iphoneos;
				SWIFT_COMPILATION_MODE = wholemodule;
				SWIFT_OPTIMIZATION_LEVEL = "-O";
				VALIDATE_PRODUCT = YES;
			};
			name = Release;
		};
		70C405CD28CBDCBE00544FE8 /* Debug */ = {
			isa = XCBuildConfiguration;
			buildSettings = {
				ASSETCATALOG_COMPILER_APPICON_NAME = AppIcon;
				ASSETCATALOG_COMPILER_GLOBAL_ACCENT_COLOR_NAME = AccentColor;
				CODE_SIGN_STYLE = Automatic;
				CURRENT_PROJECT_VERSION = 1;
				GENERATE_INFOPLIST_FILE = YES;
				INFOPLIST_FILE = "Telgani-Test/Info.plist";
				INFOPLIST_KEY_UIApplicationSupportsIndirectInputEvents = YES;
				INFOPLIST_KEY_UILaunchStoryboardName = LaunchScreen;
				INFOPLIST_KEY_UIMainStoryboardFile = Main;
				INFOPLIST_KEY_UISupportedInterfaceOrientations_iPad = "UIInterfaceOrientationPortrait UIInterfaceOrientationPortraitUpsideDown UIInterfaceOrientationLandscapeLeft UIInterfaceOrientationLandscapeRight";
				INFOPLIST_KEY_UISupportedInterfaceOrientations_iPhone = "UIInterfaceOrientationPortrait UIInterfaceOrientationLandscapeLeft UIInterfaceOrientationLandscapeRight";
				LD_RUNPATH_SEARCH_PATHS = (
					"$(inherited)",
					"@executable_path/Frameworks",
				);
				MARKETING_VERSION = 1.0;
				PRODUCT_BUNDLE_IDENTIFIER = "com.Telgani-Test";
				PRODUCT_NAME = "$(TARGET_NAME)";
				SWIFT_EMIT_LOC_STRINGS = YES;
				SWIFT_VERSION = 5.0;
				TARGETED_DEVICE_FAMILY = "1,2";
			};
			name = Debug;
		};
		70C405CE28CBDCBE00544FE8 /* Release */ = {
			isa = XCBuildConfiguration;
			buildSettings = {
				ASSETCATALOG_COMPILER_APPICON_NAME = AppIcon;
				ASSETCATALOG_COMPILER_GLOBAL_ACCENT_COLOR_NAME = AccentColor;
				CODE_SIGN_STYLE = Automatic;
				CURRENT_PROJECT_VERSION = 1;
				GENERATE_INFOPLIST_FILE = YES;
				INFOPLIST_FILE = "Telgani-Test/Info.plist";
				INFOPLIST_KEY_UIApplicationSupportsIndirectInputEvents = YES;
				INFOPLIST_KEY_UILaunchStoryboardName = LaunchScreen;
				INFOPLIST_KEY_UIMainStoryboardFile = Main;
				INFOPLIST_KEY_UISupportedInterfaceOrientations_iPad = "UIInterfaceOrientationPortrait UIInterfaceOrientationPortraitUpsideDown UIInterfaceOrientationLandscapeLeft UIInterfaceOrientationLandscapeRight";
				INFOPLIST_KEY_UISupportedInterfaceOrientations_iPhone = "UIInterfaceOrientationPortrait UIInterfaceOrientationLandscapeLeft UIInterfaceOrientationLandscapeRight";
				LD_RUNPATH_SEARCH_PATHS = (
					"$(inherited)",
					"@executable_path/Frameworks",
				);
				MARKETING_VERSION = 1.0;
				PRODUCT_BUNDLE_IDENTIFIER = "com.Telgani-Test";
				PRODUCT_NAME = "$(TARGET_NAME)";
				SWIFT_EMIT_LOC_STRINGS = YES;
				SWIFT_VERSION = 5.0;
				TARGETED_DEVICE_FAMILY = "1,2";
			};
			name = Release;
		};
		70C405D028CBDCBE00544FE8 /* Debug */ = {
			isa = XCBuildConfiguration;
			buildSettings = {
				ALWAYS_EMBED_SWIFT_STANDARD_LIBRARIES = YES;
				BUNDLE_LOADER = "$(TEST_HOST)";
				CODE_SIGN_STYLE = Automatic;
				CURRENT_PROJECT_VERSION = 1;
				GENERATE_INFOPLIST_FILE = YES;
				IPHONEOS_DEPLOYMENT_TARGET = 15.0;
				LD_RUNPATH_SEARCH_PATHS = (
					"$(inherited)",
					"@executable_path/Frameworks",
					"@loader_path/Frameworks",
				);
				MARKETING_VERSION = 1.0;
				PRODUCT_BUNDLE_IDENTIFIER = "com.Telgani-TestTests";
				PRODUCT_NAME = "$(TARGET_NAME)";
				SWIFT_EMIT_LOC_STRINGS = NO;
				SWIFT_VERSION = 5.0;
				TARGETED_DEVICE_FAMILY = "1,2";
				TEST_HOST = "$(BUILT_PRODUCTS_DIR)/Telgani-Test.app/Telgani-Test";
			};
			name = Debug;
		};
		70C405D128CBDCBE00544FE8 /* Release */ = {
			isa = XCBuildConfiguration;
			buildSettings = {
				ALWAYS_EMBED_SWIFT_STANDARD_LIBRARIES = YES;
				BUNDLE_LOADER = "$(TEST_HOST)";
				CODE_SIGN_STYLE = Automatic;
				CURRENT_PROJECT_VERSION = 1;
				GENERATE_INFOPLIST_FILE = YES;
				IPHONEOS_DEPLOYMENT_TARGET = 15.0;
				LD_RUNPATH_SEARCH_PATHS = (
					"$(inherited)",
					"@executable_path/Frameworks",
					"@loader_path/Frameworks",
				);
				MARKETING_VERSION = 1.0;
				PRODUCT_BUNDLE_IDENTIFIER = "com.Telgani-TestTests";
				PRODUCT_NAME = "$(TARGET_NAME)";
				SWIFT_EMIT_LOC_STRINGS = NO;
				SWIFT_VERSION = 5.0;
				TARGETED_DEVICE_FAMILY = "1,2";
				TEST_HOST = "$(BUILT_PRODUCTS_DIR)/Telgani-Test.app/Telgani-Test";
			};
			name = Release;
		};
		70C405D328CBDCBE00544FE8 /* Debug */ = {
			isa = XCBuildConfiguration;
			buildSettings = {
				ALWAYS_EMBED_SWIFT_STANDARD_LIBRARIES = YES;
				CODE_SIGN_STYLE = Automatic;
				CURRENT_PROJECT_VERSION = 1;
				GENERATE_INFOPLIST_FILE = YES;
				LD_RUNPATH_SEARCH_PATHS = (
					"$(inherited)",
					"@executable_path/Frameworks",
					"@loader_path/Frameworks",
				);
				MARKETING_VERSION = 1.0;
				PRODUCT_BUNDLE_IDENTIFIER = "com.Telgani-TestUITests";
				PRODUCT_NAME = "$(TARGET_NAME)";
				SWIFT_EMIT_LOC_STRINGS = NO;
				SWIFT_VERSION = 5.0;
				TARGETED_DEVICE_FAMILY = "1,2";
				TEST_TARGET_NAME = "Telgani-Test";
			};
			name = Debug;
		};
		70C405D428CBDCBE00544FE8 /* Release */ = {
			isa = XCBuildConfiguration;
			buildSettings = {
				ALWAYS_EMBED_SWIFT_STANDARD_LIBRARIES = YES;
				CODE_SIGN_STYLE = Automatic;
				CURRENT_PROJECT_VERSION = 1;
				GENERATE_INFOPLIST_FILE = YES;
				LD_RUNPATH_SEARCH_PATHS = (
					"$(inherited)",
					"@executable_path/Frameworks",
					"@loader_path/Frameworks",
				);
				MARKETING_VERSION = 1.0;
				PRODUCT_BUNDLE_IDENTIFIER = "com.Telgani-TestUITests";
				PRODUCT_NAME = "$(TARGET_NAME)";
				SWIFT_EMIT_LOC_STRINGS = NO;
				SWIFT_VERSION = 5.0;
				TARGETED_DEVICE_FAMILY = "1,2";
				TEST_TARGET_NAME = "Telgani-Test";
			};
			name = Release;
		};
/* End XCBuildConfiguration section */

/* Begin XCConfigurationList section */
		70C4059D28CBDCBA00544FE8 /* Build configuration list for PBXProject "Telgani-Test" */ = {
			isa = XCConfigurationList;
			buildConfigurations = (
				70C405CA28CBDCBE00544FE8 /* Debug */,
				70C405CB28CBDCBE00544FE8 /* Release */,
			);
			defaultConfigurationIsVisible = 0;
			defaultConfigurationName = Release;
		};
		70C405CC28CBDCBE00544FE8 /* Build configuration list for PBXNativeTarget "Telgani-Test" */ = {
			isa = XCConfigurationList;
			buildConfigurations = (
				70C405CD28CBDCBE00544FE8 /* Debug */,
				70C405CE28CBDCBE00544FE8 /* Release */,
			);
			defaultConfigurationIsVisible = 0;
			defaultConfigurationName = Release;
		};
		70C405CF28CBDCBE00544FE8 /* Build configuration list for PBXNativeTarget "Telgani-TestTests" */ = {
			isa = XCConfigurationList;
			buildConfigurations = (
				70C405D028CBDCBE00544FE8 /* Debug */,
				70C405D128CBDCBE00544FE8 /* Release */,
			);
			defaultConfigurationIsVisible = 0;
			defaultConfigurationName = Release;
		};
		70C405D228CBDCBE00544FE8 /* Build configuration list for PBXNativeTarget "Telgani-TestUITests" */ = {
			isa = XCConfigurationList;
			buildConfigurations = (
				70C405D328CBDCBE00544FE8 /* Debug */,
				70C405D428CBDCBE00544FE8 /* Release */,
			);
			defaultConfigurationIsVisible = 0;
			defaultConfigurationName = Release;
		};
/* End XCConfigurationList section */
	};
	rootObject = 70C4059A28CBDCBA00544FE8 /* Project object */;
}
